
Microsoft Visual Studio Solution File, Format Version 12.00
# Visual Studio Version 16
VisualStudioVersion = 16.0.30611.23
MinimumVisualStudioVersion = 10.0.40219.1
Project("{9A19103F-16F7-4668-BE54-9A1E7A4F7556}") = "FFmpeg.Player", "FFmpeg.Player\FFmpeg.Player.csproj", "{C200351F-2A97-4747-AFF3-1204C0C942B2}"
EndProject
Project("{9A19103F-16F7-4668-BE54-9A1E7A4F7556}") = "Demuxer", "Demuxer\Demuxer.csproj", "{9091FCBD-0F22-4844-B617-3DD1A21275B3}"
EndProject
Project("{9A19103F-16F7-4668-BE54-9A1E7A4F7556}") = "Common", "Common\Common.csproj", "{3C271186-60BF-474F-A1CB-D993CBC09DEA}"
EndProject
Global
	GlobalSection(SolutionConfigurationPlatforms) = preSolution
		Debug|Any CPU = Debug|Any CPU
		Release|Any CPU = Release|Any CPU
	EndGlobalSection
	GlobalSection(ProjectConfigurationPlatforms) = postSolution
		{C200351F-2A97-4747-AFF3-1204C0C942B2}.Debug|Any CPU.ActiveCfg = Debug|Any CPU
		{C200351F-2A97-4747-AFF3-1204C0C942B2}.Debug|Any CPU.Build.0 = Debug|Any CPU
		{C200351F-2A97-4747-AFF3-1204C0C942B2}.Release|Any CPU.ActiveCfg = Release|Any CPU
		{C200351F-2A97-4747-AFF3-1204C0C942B2}.Release|Any CPU.Build.0 = Release|Any CPU
		{9091FCBD-0F22-4844-B617-3DD1A21275B3}.Debug|Any CPU.ActiveCfg = Debug|Any CPU
		{9091FCBD-0F22-4844-B617-3DD1A21275B3}.Debug|Any CPU.Build.0 = Debug|Any CPU
		{9091FCBD-0F22-4844-B617-3DD1A21275B3}.Release|Any CPU.ActiveCfg = Release|Any CPU
		{9091FCBD-0F22-4844-B617-3DD1A21275B3}.Release|Any CPU.Build.0 = Release|Any CPU
		{3C271186-60BF-474F-A1CB-D993CBC09DEA}.Debug|Any CPU.ActiveCfg = Debug|Any CPU
		{3C271186-60BF-474F-A1CB-D993CBC09DEA}.Debug|Any CPU.Build.0 = Debug|Any CPU
		{3C271186-60BF-474F-A1CB-D993CBC09DEA}.Release|Any CPU.ActiveCfg = Release|Any CPU
		{3C271186-60BF-474F-A1CB-D993CBC09DEA}.Release|Any CPU.Build.0 = Release|Any CPU
	EndGlobalSection
	GlobalSection(SolutionProperties) = preSolution
		HideSolutionNode = FALSE
	EndGlobalSection
	GlobalSection(ExtensibilityGlobals) = postSolution
		SolutionGuid = {4951228E-5B24-4FCE-8064-9265D3C97223}
	EndGlobalSection
EndGlobal
